
Microsoft Visual Studio Solution File, Format Version 12.00
# Visual Studio 2012
Project("{FAE04EC0-301F-11D3-BF4B-00C04F79EFBC}") = "BinDays", "BinDays\BinDays.csproj", "{1156F1D8-0F87-4FF0-9FD6-45F8A47CB174}"
EndProject
Project("{FAE04EC0-301F-11D3-BF4B-00C04F79EFBC}") = "BinDays.Agent", "BinDays.Agent\BinDays.Agent.csproj", "{117CE90B-55E9-42CC-B493-DD89F56FA21D}"
EndProject
Project("{2150E333-8FDC-42A3-9474-1A3956D46DE8}") = ".nuget", ".nuget", "{DB4939D0-BC7F-434B-9CAC-539490148C94}"
	ProjectSection(SolutionItems) = preProject
		.nuget\NuGet.Config = .nuget\NuGet.Config
		.nuget\NuGet.exe = .nuget\NuGet.exe
		.nuget\NuGet.targets = .nuget\NuGet.targets
	EndProjectSection
EndProject
Project("{FAE04EC0-301F-11D3-BF4B-00C04F79EFBC}") = "BinDays.WinStore", "BinDays.WinStore\BinDays.WinStore.csproj", "{475B7DFE-E0C6-427B-83AF-8980308391AA}"
EndProject
Project("{FAE04EC0-301F-11D3-BF4B-00C04F79EFBC}") = "BinDays.Business", "BinDays.Business\BinDays.Business.csproj", "{0F72C768-F407-4B62-B66C-37515753E9F1}"
EndProject
Global
	GlobalSection(SolutionConfigurationPlatforms) = preSolution
		Debug|Any CPU = Debug|Any CPU
		Free Release|Any CPU = Free Release|Any CPU
		Pro Release|Any CPU = Pro Release|Any CPU
	EndGlobalSection
	GlobalSection(ProjectConfigurationPlatforms) = postSolution
		{1156F1D8-0F87-4FF0-9FD6-45F8A47CB174}.Debug|Any CPU.ActiveCfg = Debug|Any CPU
		{1156F1D8-0F87-4FF0-9FD6-45F8A47CB174}.Debug|Any CPU.Build.0 = Debug|Any CPU
		{1156F1D8-0F87-4FF0-9FD6-45F8A47CB174}.Debug|Any CPU.Deploy.0 = Debug|Any CPU
		{1156F1D8-0F87-4FF0-9FD6-45F8A47CB174}.Free Release|Any CPU.ActiveCfg = Free Release|Any CPU
		{1156F1D8-0F87-4FF0-9FD6-45F8A47CB174}.Free Release|Any CPU.Build.0 = Free Release|Any CPU
		{1156F1D8-0F87-4FF0-9FD6-45F8A47CB174}.Free Release|Any CPU.Deploy.0 = Free Release|Any CPU
		{1156F1D8-0F87-4FF0-9FD6-45F8A47CB174}.Pro Release|Any CPU.ActiveCfg = Pro Release|Any CPU
		{1156F1D8-0F87-4FF0-9FD6-45F8A47CB174}.Pro Release|Any CPU.Build.0 = Pro Release|Any CPU
		{1156F1D8-0F87-4FF0-9FD6-45F8A47CB174}.Pro Release|Any CPU.Deploy.0 = Pro Release|Any CPU
		{117CE90B-55E9-42CC-B493-DD89F56FA21D}.Debug|Any CPU.ActiveCfg = Debug|Any CPU
		{117CE90B-55E9-42CC-B493-DD89F56FA21D}.Debug|Any CPU.Build.0 = Debug|Any CPU
		{117CE90B-55E9-42CC-B493-DD89F56FA21D}.Free Release|Any CPU.ActiveCfg = Free Release|Any CPU
		{117CE90B-55E9-42CC-B493-DD89F56FA21D}.Free Release|Any CPU.Build.0 = Free Release|Any CPU
		{117CE90B-55E9-42CC-B493-DD89F56FA21D}.Pro Release|Any CPU.ActiveCfg = Pro Release|Any CPU
		{117CE90B-55E9-42CC-B493-DD89F56FA21D}.Pro Release|Any CPU.Build.0 = Pro Release|Any CPU
		{475B7DFE-E0C6-427B-83AF-8980308391AA}.Debug|Any CPU.ActiveCfg = Debug|Any CPU
		{475B7DFE-E0C6-427B-83AF-8980308391AA}.Debug|Any CPU.Build.0 = Debug|Any CPU
		{475B7DFE-E0C6-427B-83AF-8980308391AA}.Debug|Any CPU.Deploy.0 = Debug|Any CPU
		{475B7DFE-E0C6-427B-83AF-8980308391AA}.Free Release|Any CPU.ActiveCfg = Free Release|Any CPU
		{475B7DFE-E0C6-427B-83AF-8980308391AA}.Free Release|Any CPU.Build.0 = Free Release|Any CPU
		{475B7DFE-E0C6-427B-83AF-8980308391AA}.Free Release|Any CPU.Deploy.0 = Free Release|Any CPU
		{475B7DFE-E0C6-427B-83AF-8980308391AA}.Pro Release|Any CPU.ActiveCfg = Pro Release|Any CPU
		{475B7DFE-E0C6-427B-83AF-8980308391AA}.Pro Release|Any CPU.Build.0 = Pro Release|Any CPU
		{475B7DFE-E0C6-427B-83AF-8980308391AA}.Pro Release|Any CPU.Deploy.0 = Pro Release|Any CPU
		{0F72C768-F407-4B62-B66C-37515753E9F1}.Debug|Any CPU.ActiveCfg = Debug|Any CPU
		{0F72C768-F407-4B62-B66C-37515753E9F1}.Debug|Any CPU.Build.0 = Debug|Any CPU
		{0F72C768-F407-4B62-B66C-37515753E9F1}.Free Release|Any CPU.ActiveCfg = Free Release|Any CPU
		{0F72C768-F407-4B62-B66C-37515753E9F1}.Free Release|Any CPU.Build.0 = Free Release|Any CPU
		{0F72C768-F407-4B62-B66C-37515753E9F1}.Pro Release|Any CPU.ActiveCfg = Pro Release|Any CPU
		{0F72C768-F407-4B62-B66C-37515753E9F1}.Pro Release|Any CPU.Build.0 = Pro Release|Any CPU
	EndGlobalSection
	GlobalSection(SolutionProperties) = preSolution
		HideSolutionNode = FALSE
	EndGlobalSection
EndGlobal
